
Microsoft Visual Studio Solution File, Format Version 12.00
# Visual Studio 15
VisualStudioVersion = 15.0.28010.2050
MinimumVisualStudioVersion = 10.0.40219.1
Project("{FAE04EC0-301F-11D3-BF4B-00C04F79EFBC}") = "DataAccess", "DataAccess\DataAccess.csproj", "{EF0809C2-76C0-47CA-A9FE-9E126F02FD73}"
EndProject
Project("{FAE04EC0-301F-11D3-BF4B-00C04F79EFBC}") = "WPF_FileProccessing", "WPF_FileProccessing\WPF_FileProccessing.csproj", "{12EFA9C7-9FF8-4617-8117-A5F4C1249C6F}"
EndProject
Global
	GlobalSection(SolutionConfigurationPlatforms) = preSolution
		Debug|Any CPU = Debug|Any CPU
		Release|Any CPU = Release|Any CPU
	EndGlobalSection
	GlobalSection(ProjectConfigurationPlatforms) = postSolution
		{EF0809C2-76C0-47CA-A9FE-9E126F02FD73}.Debug|Any CPU.ActiveCfg = Debug|Any CPU
		{EF0809C2-76C0-47CA-A9FE-9E126F02FD73}.Debug|Any CPU.Build.0 = Debug|Any CPU
		{EF0809C2-76C0-47CA-A9FE-9E126F02FD73}.Release|Any CPU.ActiveCfg = Release|Any CPU
		{EF0809C2-76C0-47CA-A9FE-9E126F02FD73}.Release|Any CPU.Build.0 = Release|Any CPU
		{12EFA9C7-9FF8-4617-8117-A5F4C1249C6F}.Debug|Any CPU.ActiveCfg = Debug|Any CPU
		{12EFA9C7-9FF8-4617-8117-A5F4C1249C6F}.Debug|Any CPU.Build.0 = Debug|Any CPU
		{12EFA9C7-9FF8-4617-8117-A5F4C1249C6F}.Release|Any CPU.ActiveCfg = Release|Any CPU
		{12EFA9C7-9FF8-4617-8117-A5F4C1249C6F}.Release|Any CPU.Build.0 = Release|Any CPU
	EndGlobalSection
	GlobalSection(SolutionProperties) = preSolution
		HideSolutionNode = FALSE
	EndGlobalSection
	GlobalSection(ExtensibilityGlobals) = postSolution
		SolutionGuid = {38AB2335-8C42-4C13-B5A6-C3BBE36FD43F}
	EndGlobalSection
EndGlobal
