
Microsoft Visual Studio Solution File, Format Version 12.00
# Visual Studio Version 16
VisualStudioVersion = 16.0.29215.179
MinimumVisualStudioVersion = 10.0.40219.1
Project("{FAE04EC0-301F-11D3-BF4B-00C04F79EFBC}") = "Problem1", "Problem1.csproj", "{498DAC90-67EC-46AA-A4DD-021FE59A57F2}"
EndProject
Global
	GlobalSection(SolutionConfigurationPlatforms) = preSolution
		Debug|Any CPU = Debug|Any CPU
		Release|Any CPU = Release|Any CPU
	EndGlobalSection
	GlobalSection(ProjectConfigurationPlatforms) = postSolution
		{498DAC90-67EC-46AA-A4DD-021FE59A57F2}.Debug|Any CPU.ActiveCfg = Debug|Any CPU
		{498DAC90-67EC-46AA-A4DD-021FE59A57F2}.Debug|Any CPU.Build.0 = Debug|Any CPU
		{498DAC90-67EC-46AA-A4DD-021FE59A57F2}.Release|Any CPU.ActiveCfg = Release|Any CPU
		{498DAC90-67EC-46AA-A4DD-021FE59A57F2}.Release|Any CPU.Build.0 = Release|Any CPU
	EndGlobalSection
	GlobalSection(SolutionProperties) = preSolution
		HideSolutionNode = FALSE
	EndGlobalSection
	GlobalSection(ExtensibilityGlobals) = postSolution
		SolutionGuid = {23057219-A35E-4FB3-B718-129C221ACB22}
	EndGlobalSection
EndGlobal
